// !$*UTF8*$!
{
	archiveVersion = 1;
	classes = {
	};
	objectVersion = 46;
	objects = {

/* Begin PBXBuildFile section */
		1E4E8802193306D0009CBE3B /* Foundation.framework in Frameworks */ = {isa = PBXBuildFile; fileRef = 1E4E8801193306D0009CBE3B /* Foundation.framework */; };
		1E4E8804193306D0009CBE3B /* CoreGraphics.framework in Frameworks */ = {isa = PBXBuildFile; fileRef = 1E4E8803193306D0009CBE3B /* CoreGraphics.framework */; };
		1E4E8806193306D0009CBE3B /* UIKit.framework in Frameworks */ = {isa = PBXBuildFile; fileRef = 1E4E8805193306D0009CBE3B /* UIKit.framework */; };
		1E4E880C193306D0009CBE3B /* InfoPlist.strings in Resources */ = {isa = PBXBuildFile; fileRef = 1E4E880A193306D0009CBE3B /* InfoPlist.strings */; };
		1E4E880E193306D0009CBE3B /* main.m in Sources */ = {isa = PBXBuildFile; fileRef = 1E4E880D193306D0009CBE3B /* main.m */; };
		1E4E8812193306D0009CBE3B /* GPAppDelegate.m in Sources */ = {isa = PBXBuildFile; fileRef = 1E4E8811193306D0009CBE3B /* GPAppDelegate.m */; };
		1E4E8814193306D0009CBE3B /* Images.xcassets in Resources */ = {isa = PBXBuildFile; fileRef = 1E4E8813193306D0009CBE3B /* Images.xcassets */; };
		1E4E881B193306D0009CBE3B /* XCTest.framework in Frameworks */ = {isa = PBXBuildFile; fileRef = 1E4E881A193306D0009CBE3B /* XCTest.framework */; };
		1E4E881C193306D0009CBE3B /* Foundation.framework in Frameworks */ = {isa = PBXBuildFile; fileRef = 1E4E8801193306D0009CBE3B /* Foundation.framework */; };
		1E4E881D193306D0009CBE3B /* UIKit.framework in Frameworks */ = {isa = PBXBuildFile; fileRef = 1E4E8805193306D0009CBE3B /* UIKit.framework */; };
		1E4E8825193306D0009CBE3B /* InfoPlist.strings in Resources */ = {isa = PBXBuildFile; fileRef = 1E4E8823193306D0009CBE3B /* InfoPlist.strings */; };
		1E4E8827193306D0009CBE3B /* BlogReaderTests.m in Sources */ = {isa = PBXBuildFile; fileRef = 1E4E8826193306D0009CBE3B /* BlogReaderTests.m */; };
		1E4E8831193306E3009CBE3B /* MainStoryboard.storyboard in Resources */ = {isa = PBXBuildFile; fileRef = 1E4E8830193306E3009CBE3B /* MainStoryboard.storyboard */; };
		1E6673A11976DD5B0073723D /* GPWebViewController.m in Sources */ = {isa = PBXBuildFile; fileRef = 1E6673A01976DD5B0073723D /* GPWebViewController.m */; };
		1EE6456B1935630500057BF0 /* GPBlogPost.m in Sources */ = {isa = PBXBuildFile; fileRef = 1EE6456A1935630500057BF0 /* GPBlogPost.m */; };
		1EE769A91933090700141182 /* GPTableViewController.m in Sources */ = {isa = PBXBuildFile; fileRef = 1EE769A81933090700141182 /* GPTableViewController.m */; };
/* End PBXBuildFile section */

/* Begin PBXContainerItemProxy section */
		1E4E881E193306D0009CBE3B /* PBXContainerItemProxy */ = {
			isa = PBXContainerItemProxy;
			containerPortal = 1E4E87F6193306D0009CBE3B /* Project object */;
			proxyType = 1;
			remoteGlobalIDString = 1E4E87FD193306D0009CBE3B;
			remoteInfo = BlogReader;
		};
/* End PBXContainerItemProxy section */

/* Begin PBXFileReference section */
		1E4E87FE193306D0009CBE3B /* BlogReader.app */ = {isa = PBXFileReference; explicitFileType = wrapper.application; includeInIndex = 0; path = BlogReader.app; sourceTree = BUILT_PRODUCTS_DIR; };
		1E4E8801193306D0009CBE3B /* Foundation.framework */ = {isa = PBXFileReference; lastKnownFileType = wrapper.framework; name = Foundation.framework; path = System/Library/Frameworks/Foundation.framework; sourceTree = SDKROOT; };
		1E4E8803193306D0009CBE3B /* CoreGraphics.framework */ = {isa = PBXFileReference; lastKnownFileType = wrapper.framework; name = CoreGraphics.framework; path = System/Library/Frameworks/CoreGraphics.framework; sourceTree = SDKROOT; };
		1E4E8805193306D0009CBE3B /* UIKit.framework */ = {isa = PBXFileReference; lastKnownFileType = wrapper.framework; name = UIKit.framework; path = System/Library/Frameworks/UIKit.framework; sourceTree = SDKROOT; };
		1E4E8809193306D0009CBE3B /* BlogReader-Info.plist */ = {isa = PBXFileReference; lastKnownFileType = text.plist.xml; path = "BlogReader-Info.plist"; sourceTree = "<group>"; };
		1E4E880B193306D0009CBE3B /* en */ = {isa = PBXFileReference; lastKnownFileType = text.plist.strings; name = en; path = en.lproj/InfoPlist.strings; sourceTree = "<group>"; };
		1E4E880D193306D0009CBE3B /* main.m */ = {isa = PBXFileReference; lastKnownFileType = sourcecode.c.objc; path = main.m; sourceTree = "<group>"; };
		1E4E880F193306D0009CBE3B /* BlogReader-Prefix.pch */ = {isa = PBXFileReference; lastKnownFileType = sourcecode.c.h; path = "BlogReader-Prefix.pch"; sourceTree = "<group>"; };
		1E4E8810193306D0009CBE3B /* GPAppDelegate.h */ = {isa = PBXFileReference; lastKnownFileType = sourcecode.c.h; path = GPAppDelegate.h; sourceTree = "<group>"; };
		1E4E8811193306D0009CBE3B /* GPAppDelegate.m */ = {isa = PBXFileReference; lastKnownFileType = sourcecode.c.objc; path = GPAppDelegate.m; sourceTree = "<group>"; };
		1E4E8813193306D0009CBE3B /* Images.xcassets */ = {isa = PBXFileReference; lastKnownFileType = folder.assetcatalog; path = Images.xcassets; sourceTree = "<group>"; };
		1E4E8819193306D0009CBE3B /* BlogReaderTests.xctest */ = {isa = PBXFileReference; explicitFileType = wrapper.cfbundle; includeInIndex = 0; path = BlogReaderTests.xctest; sourceTree = BUILT_PRODUCTS_DIR; };
		1E4E881A193306D0009CBE3B /* XCTest.framework */ = {isa = PBXFileReference; lastKnownFileType = wrapper.framework; name = XCTest.framework; path = Library/Frameworks/XCTest.framework; sourceTree = DEVELOPER_DIR; };
		1E4E8822193306D0009CBE3B /* BlogReaderTests-Info.plist */ = {isa = PBXFileReference; lastKnownFileType = text.plist.xml; path = "BlogReaderTests-Info.plist"; sourceTree = "<group>"; };
		1E4E8824193306D0009CBE3B /* en */ = {isa = PBXFileReference; lastKnownFileType = text.plist.strings; name = en; path = en.lproj/InfoPlist.strings; sourceTree = "<group>"; };
		1E4E8826193306D0009CBE3B /* BlogReaderTests.m */ = {isa = PBXFileReference; lastKnownFileType = sourcecode.c.objc; path = BlogReaderTests.m; sourceTree = "<group>"; };
		1E4E8830193306E3009CBE3B /* MainStoryboard.storyboard */ = {isa = PBXFileReference; fileEncoding = 4; lastKnownFileType = file.storyboard; path = MainStoryboard.storyboard; sourceTree = "<group>"; };
		1E66739F1976DD5B0073723D /* GPWebViewController.h */ = {isa = PBXFileReference; fileEncoding = 4; lastKnownFileType = sourcecode.c.h; path = GPWebViewController.h; sourceTree = "<group>"; };
		1E6673A01976DD5B0073723D /* GPWebViewController.m */ = {isa = PBXFileReference; fileEncoding = 4; lastKnownFileType = sourcecode.c.objc; path = GPWebViewController.m; sourceTree = "<group>"; };
		1EE645691935630500057BF0 /* GPBlogPost.h */ = {isa = PBXFileReference; fileEncoding = 4; lastKnownFileType = sourcecode.c.h; path = GPBlogPost.h; sourceTree = "<group>"; };
		1EE6456A1935630500057BF0 /* GPBlogPost.m */ = {isa = PBXFileReference; fileEncoding = 4; lastKnownFileType = sourcecode.c.objc; path = GPBlogPost.m; sourceTree = "<group>"; };
		1EE769A71933090700141182 /* GPTableViewController.h */ = {isa = PBXFileReference; fileEncoding = 4; lastKnownFileType = sourcecode.c.h; path = GPTableViewController.h; sourceTree = "<group>"; };
		1EE769A81933090700141182 /* GPTableViewController.m */ = {isa = PBXFileReference; fileEncoding = 4; lastKnownFileType = sourcecode.c.objc; path = GPTableViewController.m; sourceTree = "<group>"; };
/* End PBXFileReference section */

/* Begin PBXFrameworksBuildPhase section */
		1E4E87FB193306D0009CBE3B /* Frameworks */ = {
			isa = PBXFrameworksBuildPhase;
			buildActionMask = 2147483647;
			files = (
				1E4E8804193306D0009CBE3B /* CoreGraphics.framework in Frameworks */,
				1E4E8806193306D0009CBE3B /* UIKit.framework in Frameworks */,
				1E4E8802193306D0009CBE3B /* Foundation.framework in Frameworks */,
			);
			runOnlyForDeploymentPostprocessing = 0;
		};
		1E4E8816193306D0009CBE3B /* Frameworks */ = {
			isa = PBXFrameworksBuildPhase;
			buildActionMask = 2147483647;
			files = (
				1E4E881B193306D0009CBE3B /* XCTest.framework in Frameworks */,
				1E4E881D193306D0009CBE3B /* UIKit.framework in Frameworks */,
				1E4E881C193306D0009CBE3B /* Foundation.framework in Frameworks */,
			);
			runOnlyForDeploymentPostprocessing = 0;
		};
/* End PBXFrameworksBuildPhase section */

/* Begin PBXGroup section */
		1E4E87F5193306D0009CBE3B = {
			isa = PBXGroup;
			children = (
				1E4E8807193306D0009CBE3B /* BlogReader */,
				1E4E8820193306D0009CBE3B /* BlogReaderTests */,
				1E4E8800193306D0009CBE3B /* Frameworks */,
				1E4E87FF193306D0009CBE3B /* Products */,
			);
			sourceTree = "<group>";
		};
		1E4E87FF193306D0009CBE3B /* Products */ = {
			isa = PBXGroup;
			children = (
				1E4E87FE193306D0009CBE3B /* BlogReader.app */,
				1E4E8819193306D0009CBE3B /* BlogReaderTests.xctest */,
			);
			name = Products;
			sourceTree = "<group>";
		};
		1E4E8800193306D0009CBE3B /* Frameworks */ = {
			isa = PBXGroup;
			children = (
				1E4E8801193306D0009CBE3B /* Foundation.framework */,
				1E4E8803193306D0009CBE3B /* CoreGraphics.framework */,
				1E4E8805193306D0009CBE3B /* UIKit.framework */,
				1E4E881A193306D0009CBE3B /* XCTest.framework */,
			);
			name = Frameworks;
			sourceTree = "<group>";
		};
		1E4E8807193306D0009CBE3B /* BlogReader */ = {
			isa = PBXGroup;
			children = (
				1E4E8830193306E3009CBE3B /* MainStoryboard.storyboard */,
				1E4E8810193306D0009CBE3B /* GPAppDelegate.h */,
				1E4E8811193306D0009CBE3B /* GPAppDelegate.m */,
				1EE769A71933090700141182 /* GPTableViewController.h */,
				1EE769A81933090700141182 /* GPTableViewController.m */,
				1EE645691935630500057BF0 /* GPBlogPost.h */,
				1EE6456A1935630500057BF0 /* GPBlogPost.m */,
				1E66739F1976DD5B0073723D /* GPWebViewController.h */,
				1E6673A01976DD5B0073723D /* GPWebViewController.m */,
				1E4E8813193306D0009CBE3B /* Images.xcassets */,
				1E4E8808193306D0009CBE3B /* Supporting Files */,
			);
			path = BlogReader;
			sourceTree = "<group>";
		};
		1E4E8808193306D0009CBE3B /* Supporting Files */ = {
			isa = PBXGroup;
			children = (
				1E4E8809193306D0009CBE3B /* BlogReader-Info.plist */,
				1E4E880A193306D0009CBE3B /* InfoPlist.strings */,
				1E4E880D193306D0009CBE3B /* main.m */,
				1E4E880F193306D0009CBE3B /* BlogReader-Prefix.pch */,
			);
			name = "Supporting Files";
			sourceTree = "<group>";
		};
		1E4E8820193306D0009CBE3B /* BlogReaderTests */ = {
			isa = PBXGroup;
			children = (
				1E4E8826193306D0009CBE3B /* BlogReaderTests.m */,
				1E4E8821193306D0009CBE3B /* Supporting Files */,
			);
			path = BlogReaderTests;
			sourceTree = "<group>";
		};
		1E4E8821193306D0009CBE3B /* Supporting Files */ = {
			isa = PBXGroup;
			children = (
				1E4E8822193306D0009CBE3B /* BlogReaderTests-Info.plist */,
				1E4E8823193306D0009CBE3B /* InfoPlist.strings */,
			);
			name = "Supporting Files";
			sourceTree = "<group>";
		};
/* End PBXGroup section */

/* Begin PBXNativeTarget section */
		1E4E87FD193306D0009CBE3B /* BlogReader */ = {
			isa = PBXNativeTarget;
			buildConfigurationList = 1E4E882A193306D0009CBE3B /* Build configuration list for PBXNativeTarget "BlogReader" */;
			buildPhases = (
				1E4E87FA193306D0009CBE3B /* Sources */,
				1E4E87FB193306D0009CBE3B /* Frameworks */,
				1E4E87FC193306D0009CBE3B /* Resources */,
			);
			buildRules = (
			);
			dependencies = (
			);
			name = BlogReader;
			productName = BlogReader;
			productReference = 1E4E87FE193306D0009CBE3B /* BlogReader.app */;
			productType = "com.apple.product-type.application";
		};
		1E4E8818193306D0009CBE3B /* BlogReaderTests */ = {
			isa = PBXNativeTarget;
			buildConfigurationList = 1E4E882D193306D0009CBE3B /* Build configuration list for PBXNativeTarget "BlogReaderTests" */;
			buildPhases = (
				1E4E8815193306D0009CBE3B /* Sources */,
				1E4E8816193306D0009CBE3B /* Frameworks */,
				1E4E8817193306D0009CBE3B /* Resources */,
			);
			buildRules = (
			);
			dependencies = (
				1E4E881F193306D0009CBE3B /* PBXTargetDependency */,
			);
			name = BlogReaderTests;
			productName = BlogReaderTests;
			productReference = 1E4E8819193306D0009CBE3B /* BlogReaderTests.xctest */;
			productType = "com.apple.product-type.bundle.unit-test";
		};
/* End PBXNativeTarget section */

/* Begin PBXProject section */
		1E4E87F6193306D0009CBE3B /* Project object */ = {
			isa = PBXProject;
			attributes = {
				CLASSPREFIX = GP;
				LastUpgradeCheck = 0510;
				ORGANIZATIONNAME = GlobalPark;
				TargetAttributes = {
					1E4E87FD193306D0009CBE3B = {
						DevelopmentTeam = FDHS44E7H4;
					};
					1E4E8818193306D0009CBE3B = {
						TestTargetID = 1E4E87FD193306D0009CBE3B;
					};
				};
			};
			buildConfigurationList = 1E4E87F9193306D0009CBE3B /* Build configuration list for PBXProject "BlogReader" */;
			compatibilityVersion = "Xcode 3.2";
			developmentRegion = English;
			hasScannedForEncodings = 0;
			knownRegions = (
				en,
			);
			mainGroup = 1E4E87F5193306D0009CBE3B;
			productRefGroup = 1E4E87FF193306D0009CBE3B /* Products */;
			projectDirPath = "";
			projectRoot = "";
			targets = (
				1E4E87FD193306D0009CBE3B /* BlogReader */,
				1E4E8818193306D0009CBE3B /* BlogReaderTests */,
			);
		};
/* End PBXProject section */

/* Begin PBXResourcesBuildPhase section */
		1E4E87FC193306D0009CBE3B /* Resources */ = {
			isa = PBXResourcesBuildPhase;
			buildActionMask = 2147483647;
			files = (
				1E4E8831193306E3009CBE3B /* MainStoryboard.storyboard in Resources */,
				1E4E880C193306D0009CBE3B /* InfoPlist.strings in Resources */,
				1E4E8814193306D0009CBE3B /* Images.xcassets in Resources */,
			);
			runOnlyForDeploymentPostprocessing = 0;
		};
		1E4E8817193306D0009CBE3B /* Resources */ = {
			isa = PBXResourcesBuildPhase;
			buildActionMask = 2147483647;
			files = (
				1E4E8825193306D0009CBE3B /* InfoPlist.strings in Resources */,
			);
			runOnlyForDeploymentPostprocessing = 0;
		};
/* End PBXResourcesBuildPhase section */

/* Begin PBXSourcesBuildPhase section */
		1E4E87FA193306D0009CBE3B /* Sources */ = {
			isa = PBXSourcesBuildPhase;
			buildActionMask = 2147483647;
			files = (
				1EE6456B1935630500057BF0 /* GPBlogPost.m in Sources */,
				1E6673A11976DD5B0073723D /* GPWebViewController.m in Sources */,
				1EE769A91933090700141182 /* GPTableViewController.m in Sources */,
				1E4E880E193306D0009CBE3B /* main.m in Sources */,
				1E4E8812193306D0009CBE3B /* GPAppDelegate.m in Sources */,
			);
			runOnlyForDeploymentPostprocessing = 0;
		};
		1E4E8815193306D0009CBE3B /* Sources */ = {
			isa = PBXSourcesBuildPhase;
			buildActionMask = 2147483647;
			files = (
				1E4E8827193306D0009CBE3B /* BlogReaderTests.m in Sources */,
			);
			runOnlyForDeploymentPostprocessing = 0;
		};
/* End PBXSourcesBuildPhase section */

/* Begin PBXTargetDependency section */
		1E4E881F193306D0009CBE3B /* PBXTargetDependency */ = {
			isa = PBXTargetDependency;
			target = 1E4E87FD193306D0009CBE3B /* BlogReader */;
			targetProxy = 1E4E881E193306D0009CBE3B /* PBXContainerItemProxy */;
		};
/* End PBXTargetDependency section */

/* Begin PBXVariantGroup section */
		1E4E880A193306D0009CBE3B /* InfoPlist.strings */ = {
			isa = PBXVariantGroup;
			children = (
				1E4E880B193306D0009CBE3B /* en */,
			);
			name = InfoPlist.strings;
			sourceTree = "<group>";
		};
		1E4E8823193306D0009CBE3B /* InfoPlist.strings */ = {
			isa = PBXVariantGroup;
			children = (
				1E4E8824193306D0009CBE3B /* en */,
			);
			name = InfoPlist.strings;
			sourceTree = "<group>";
		};
/* End PBXVariantGroup section */

/* Begin XCBuildConfiguration section */
		1E4E8828193306D0009CBE3B /* Debug */ = {
			isa = XCBuildConfiguration;
			buildSettings = {
				ALWAYS_SEARCH_USER_PATHS = NO;
				CLANG_CXX_LANGUAGE_STANDARD = "gnu++0x";
				CLANG_CXX_LIBRARY = "libc++";
				CLANG_ENABLE_MODULES = YES;
				CLANG_ENABLE_OBJC_ARC = YES;
				CLANG_WARN_BOOL_CONVERSION = YES;
				CLANG_WARN_CONSTANT_CONVERSION = YES;
				CLANG_WARN_DIRECT_OBJC_ISA_USAGE = YES_ERROR;
				CLANG_WARN_EMPTY_BODY = YES;
				CLANG_WARN_ENUM_CONVERSION = YES;
				CLANG_WARN_INT_CONVERSION = YES;
				CLANG_WARN_OBJC_ROOT_CLASS = YES_ERROR;
				CLANG_WARN__DUPLICATE_METHOD_MATCH = YES;
				"CODE_SIGN_IDENTITY[sdk=iphoneos*]" = "iPhone Developer";
				COPY_PHASE_STRIP = NO;
				GCC_C_LANGUAGE_STANDARD = gnu99;
				GCC_DYNAMIC_NO_PIC = NO;
				GCC_OPTIMIZATION_LEVEL = 0;
				GCC_PREPROCESSOR_DEFINITIONS = (
					"DEBUG=1",
					"$(inherited)",
				);
				GCC_SYMBOLS_PRIVATE_EXTERN = NO;
				GCC_WARN_64_TO_32_BIT_CONVERSION = YES;
				GCC_WARN_ABOUT_RETURN_TYPE = YES_ERROR;
				GCC_WARN_UNDECLARED_SELECTOR = YES;
				GCC_WARN_UNINITIALIZED_AUTOS = YES_AGGRESSIVE;
				GCC_WARN_UNUSED_FUNCTION = YES;
				GCC_WARN_UNUSED_VARIABLE = YES;
				IPHONEOS_DEPLOYMENT_TARGET = 7.1;
				ONLY_ACTIVE_ARCH = YES;
				SDKROOT = iphoneos;
			};
			name = Debug;
		};
		1E4E8829193306D0009CBE3B /* Release */ = {
			isa = XCBuildConfiguration;
			buildSettings = {
				ALWAYS_SEARCH_USER_PATHS = NO;
				CLANG_CXX_LANGUAGE_STANDARD = "gnu++0x";
				CLANG_CXX_LIBRARY = "libc++";
				CLANG_ENABLE_MODULES = YES;
				CLANG_ENABLE_OBJC_ARC = YES;
				CLANG_WARN_BOOL_CONVERSION = YES;
				CLANG_WARN_CONSTANT_CONVERSION = YES;
				CLANG_WARN_DIRECT_OBJC_ISA_USAGE = YES_ERROR;
				CLANG_WARN_EMPTY_BODY = YES;
				CLANG_WARN_ENUM_CONVERSION = YES;
				CLANG_WARN_INT_CONVERSION = YES;
				CLANG_WARN_OBJC_ROOT_CLASS = YES_ERROR;
				CLANG_WARN__DUPLICATE_METHOD_MATCH = YES;
				"CODE_SIGN_IDENTITY[sdk=iphoneos*]" = "iPhone Developer";
				COPY_PHASE_STRIP = YES;
				ENABLE_NS_ASSERTIONS = NO;
				GCC_C_LANGUAGE_STANDARD = gnu99;
				GCC_WARN_64_TO_32_BIT_CONVERSION = YES;
				GCC_WARN_ABOUT_RETURN_TYPE = YES_ERROR;
				GCC_WARN_UNDECLARED_SELECTOR = YES;
				GCC_WARN_UNINITIALIZED_AUTOS = YES_AGGRESSIVE;
				GCC_WARN_UNUSED_FUNCTION = YES;
				GCC_WARN_UNUSED_VARIABLE = YES;
				IPHONEOS_DEPLOYMENT_TARGET = 7.1;
				SDKROOT = iphoneos;
				VALIDATE_PRODUCT = YES;
			};
			name = Release;
		};
		1E4E882B193306D0009CBE3B /* Debug */ = {
			isa = XCBuildConfiguration;
			buildSettings = {
				ASSETCATALOG_COMPILER_APPICON_NAME = AppIcon;
				ASSETCATALOG_COMPILER_LAUNCHIMAGE_NAME = LaunchImage;
				CODE_SIGN_IDENTITY = "iPhone Developer";
				"CODE_SIGN_IDENTITY[sdk=iphoneos*]" = "iPhone Developer";
				GCC_PRECOMPILE_PREFIX_HEADER = YES;
				GCC_PREFIX_HEADER = "BlogReader/BlogReader-Prefix.pch";
				INFOPLIST_FILE = "BlogReader/BlogReader-Info.plist";
				IPHONEOS_DEPLOYMENT_TARGET = 7.0;
				PRODUCT_NAME = "$(TARGET_NAME)";
				PROVISIONING_PROFILE = "";
				WRAPPER_EXTENSION = app;
			};
			name = Debug;
		};
		1E4E882C193306D0009CBE3B /* Release */ = {
			isa = XCBuildConfiguration;
			buildSettings = {
				ASSETCATALOG_COMPILER_APPICON_NAME = AppIcon;
				ASSETCATALOG_COMPILER_LAUNCHIMAGE_NAME = LaunchImage;
				CODE_SIGN_IDENTITY = "iPhone Developer";
				"CODE_SIGN_IDENTITY[sdk=iphoneos*]" = "iPhone Developer";
				GCC_PRECOMPILE_PREFIX_HEADER = YES;
				GCC_PREFIX_HEADER = "BlogReader/BlogReader-Prefix.pch";
				INFOPLIST_FILE = "BlogReader/BlogReader-Info.plist";
				IPHONEOS_DEPLOYMENT_TARGET = 7.0;
				PRODUCT_NAME = "$(TARGET_NAME)";
				PROVISIONING_PROFILE = "";
				WRAPPER_EXTENSION = app;
			};
			name = Release;
		};
		1E4E882E193306D0009CBE3B /* Debug */ = {
			isa = XCBuildConfiguration;
			buildSettings = {
				BUNDLE_LOADER = "$(BUILT_PRODUCTS_DIR)/BlogReader.app/BlogReader";
				FRAMEWORK_SEARCH_PATHS = (
					"$(SDKROOT)/Developer/Library/Frameworks",
					"$(inherited)",
					"$(DEVELOPER_FRAMEWORKS_DIR)",
				);
				GCC_PRECOMPILE_PREFIX_HEADER = YES;
				GCC_PREFIX_HEADER = "BlogReader/BlogReader-Prefix.pch";
				GCC_PREPROCESSOR_DEFINITIONS = (
					"DEBUG=1",
					"$(inherited)",
				);
				INFOPLIST_FILE = "BlogReaderTests/BlogReaderTests-Info.plist";
				PRODUCT_NAME = "$(TARGET_NAME)";
				TEST_HOST = "$(BUNDLE_LOADER)";
				WRAPPER_EXTENSION = xctest;
			};
			name = Debug;
		};
		1E4E882F193306D0009CBE3B /* Release */ = {
			isa = XCBuildConfiguration;
			buildSettings = {
				BUNDLE_LOADER = "$(BUILT_PRODUCTS_DIR)/BlogReader.app/BlogReader";
				FRAMEWORK_SEARCH_PATHS = (
					"$(SDKROOT)/Developer/Library/Frameworks",
					"$(inherited)",
					"$(DEVELOPER_FRAMEWORKS_DIR)",
				);
				GCC_PRECOMPILE_PREFIX_HEADER = YES;
				GCC_PREFIX_HEADER = "BlogReader/BlogReader-Prefix.pch";
				INFOPLIST_FILE = "BlogReaderTests/BlogReaderTests-Info.plist";
				PRODUCT_NAME = "$(TARGET_NAME)";
				TEST_HOST = "$(BUNDLE_LOADER)";
				WRAPPER_EXTENSION = xctest;
			};
			name = Release;
		};
/* End XCBuildConfiguration section */

/* Begin XCConfigurationList section */
		1E4E87F9193306D0009CBE3B /* Build configuration list for PBXProject "BlogReader" */ = {
			isa = XCConfigurationList;
			buildConfigurations = (
				1E4E8828193306D0009CBE3B /* Debug */,
				1E4E8829193306D0009CBE3B /* Release */,
			);
			defaultConfigurationIsVisible = 0;
			defaultConfigurationName = Release;
		};
		1E4E882A193306D0009CBE3B /* Build configuration list for PBXNativeTarget "BlogReader" */ = {
			isa = XCConfigurationList;
			buildConfigurations = (
				1E4E882B193306D0009CBE3B /* Debug */,
				1E4E882C193306D0009CBE3B /* Release */,
			);
			defaultConfigurationIsVisible = 0;
			defaultConfigurationName = Release;
		};
		1E4E882D193306D0009CBE3B /* Build configuration list for PBXNativeTarget "BlogReaderTests" */ = {
			isa = XCConfigurationList;
			buildConfigurations = (
				1E4E882E193306D0009CBE3B /* Debug */,
				1E4E882F193306D0009CBE3B /* Release */,
			);
			defaultConfigurationIsVisible = 0;
			defaultConfigurationName = Release;
		};
/* End XCConfigurationList section */
	};
	rootObject = 1E4E87F6193306D0009CBE3B /* Project object */;
}
